
Microsoft Visual Studio Solution File, Format Version 12.00
# Visual Studio 15
VisualStudioVersion = 15.0.26730.12
MinimumVisualStudioVersion = 10.0.40219.1
Project("{D954291E-2A0B-460D-934E-DC6B0785DB48}") = "lab01", "lab01\lab01\lab01.shproj", "{B712BD24-8586-43EF-AA8A-A8DF30BAD049}"
EndProject
Project("{FAE04EC0-301F-11D3-BF4B-00C04F79EFBC}") = "lab01.Android", "lab01\lab01.Android\lab01.Android.csproj", "{782DC7E4-05E5-4517-802A-F73DFA3A51BE}"
EndProject
Project("{FAE04EC0-301F-11D3-BF4B-00C04F79EFBC}") = "lab01.iOS", "lab01\lab01.iOS\lab01.iOS.csproj", "{CB81A414-1AAB-4669-A04E-8ECD2069CE67}"
EndProject
Project("{FAE04EC0-301F-11D3-BF4B-00C04F79EFBC}") = "lab01.UWP", "lab01\lab01.UWP\lab01.UWP.csproj", "{9D71E87D-3299-44E2-9C79-F6B2E97092EF}"
EndProject
Global
	GlobalSection(SharedMSBuildProjectFiles) = preSolution
		lab01\lab01\lab01.projitems*{782dc7e4-05e5-4517-802a-f73dfa3a51be}*SharedItemsImports = 4
		lab01\lab01\lab01.projitems*{b712bd24-8586-43ef-aa8a-a8df30bad049}*SharedItemsImports = 13
		lab01\lab01\lab01.projitems*{cb81a414-1aab-4669-a04e-8ecd2069ce67}*SharedItemsImports = 4
	EndGlobalSection
	GlobalSection(SolutionConfigurationPlatforms) = preSolution
		Ad-Hoc|Any CPU = Ad-Hoc|Any CPU
		Ad-Hoc|ARM = Ad-Hoc|ARM
		Ad-Hoc|iPhone = Ad-Hoc|iPhone
		Ad-Hoc|iPhoneSimulator = Ad-Hoc|iPhoneSimulator
		Ad-Hoc|x64 = Ad-Hoc|x64
		Ad-Hoc|x86 = Ad-Hoc|x86
		AppStore|Any CPU = AppStore|Any CPU
		AppStore|ARM = AppStore|ARM
		AppStore|iPhone = AppStore|iPhone
		AppStore|iPhoneSimulator = AppStore|iPhoneSimulator
		AppStore|x64 = AppStore|x64
		AppStore|x86 = AppStore|x86
		Debug|Any CPU = Debug|Any CPU
		Debug|ARM = Debug|ARM
		Debug|iPhone = Debug|iPhone
		Debug|iPhoneSimulator = Debug|iPhoneSimulator
		Debug|x64 = Debug|x64
		Debug|x86 = Debug|x86
		Release|Any CPU = Release|Any CPU
		Release|ARM = Release|ARM
		Release|iPhone = Release|iPhone
		Release|iPhoneSimulator = Release|iPhoneSimulator
		Release|x64 = Release|x64
		Release|x86 = Release|x86
	EndGlobalSection
	GlobalSection(ProjectConfigurationPlatforms) = postSolution
		{782DC7E4-05E5-4517-802A-F73DFA3A51BE}.Ad-Hoc|Any CPU.ActiveCfg = Release|Any CPU
		{782DC7E4-05E5-4517-802A-F73DFA3A51BE}.Ad-Hoc|Any CPU.Build.0 = Release|Any CPU
		{782DC7E4-05E5-4517-802A-F73DFA3A51BE}.Ad-Hoc|Any CPU.Deploy.0 = Release|Any CPU
		{782DC7E4-05E5-4517-802A-F73DFA3A51BE}.Ad-Hoc|ARM.ActiveCfg = Release|Any CPU
		{782DC7E4-05E5-4517-802A-F73DFA3A51BE}.Ad-Hoc|ARM.Build.0 = Release|Any CPU
		{782DC7E4-05E5-4517-802A-F73DFA3A51BE}.Ad-Hoc|ARM.Deploy.0 = Release|Any CPU
		{782DC7E4-05E5-4517-802A-F73DFA3A51BE}.Ad-Hoc|iPhone.ActiveCfg = Release|Any CPU
		{782DC7E4-05E5-4517-802A-F73DFA3A51BE}.Ad-Hoc|iPhone.Build.0 = Release|Any CPU
		{782DC7E4-05E5-4517-802A-F73DFA3A51BE}.Ad-Hoc|iPhone.Deploy.0 = Release|Any CPU
		{782DC7E4-05E5-4517-802A-F73DFA3A51BE}.Ad-Hoc|iPhoneSimulator.ActiveCfg = Release|Any CPU
		{782DC7E4-05E5-4517-802A-F73DFA3A51BE}.Ad-Hoc|iPhoneSimulator.Build.0 = Release|Any CPU
		{782DC7E4-05E5-4517-802A-F73DFA3A51BE}.Ad-Hoc|iPhoneSimulator.Deploy.0 = Release|Any CPU
		{782DC7E4-05E5-4517-802A-F73DFA3A51BE}.Ad-Hoc|x64.ActiveCfg = Release|Any CPU
		{782DC7E4-05E5-4517-802A-F73DFA3A51BE}.Ad-Hoc|x64.Build.0 = Release|Any CPU
		{782DC7E4-05E5-4517-802A-F73DFA3A51BE}.Ad-Hoc|x64.Deploy.0 = Release|Any CPU
		{782DC7E4-05E5-4517-802A-F73DFA3A51BE}.Ad-Hoc|x86.ActiveCfg = Release|Any CPU
		{782DC7E4-05E5-4517-802A-F73DFA3A51BE}.Ad-Hoc|x86.Build.0 = Release|Any CPU
		{782DC7E4-05E5-4517-802A-F73DFA3A51BE}.Ad-Hoc|x86.Deploy.0 = Release|Any CPU
		{782DC7E4-05E5-4517-802A-F73DFA3A51BE}.AppStore|Any CPU.ActiveCfg = Release|Any CPU
		{782DC7E4-05E5-4517-802A-F73DFA3A51BE}.AppStore|Any CPU.Build.0 = Release|Any CPU
		{782DC7E4-05E5-4517-802A-F73DFA3A51BE}.AppStore|Any CPU.Deploy.0 = Release|Any CPU
		{782DC7E4-05E5-4517-802A-F73DFA3A51BE}.AppStore|ARM.ActiveCfg = Release|Any CPU
		{782DC7E4-05E5-4517-802A-F73DFA3A51BE}.AppStore|ARM.Build.0 = Release|Any CPU
		{782DC7E4-05E5-4517-802A-F73DFA3A51BE}.AppStore|ARM.Deploy.0 = Release|Any CPU
		{782DC7E4-05E5-4517-802A-F73DFA3A51BE}.AppStore|iPhone.ActiveCfg = Release|Any CPU
		{782DC7E4-05E5-4517-802A-F73DFA3A51BE}.AppStore|iPhone.Build.0 = Release|Any CPU
		{782DC7E4-05E5-4517-802A-F73DFA3A51BE}.AppStore|iPhone.Deploy.0 = Release|Any CPU
		{782DC7E4-05E5-4517-802A-F73DFA3A51BE}.AppStore|iPhoneSimulator.ActiveCfg = Release|Any CPU
		{782DC7E4-05E5-4517-802A-F73DFA3A51BE}.AppStore|iPhoneSimulator.Build.0 = Release|Any CPU
		{782DC7E4-05E5-4517-802A-F73DFA3A51BE}.AppStore|iPhoneSimulator.Deploy.0 = Release|Any CPU
		{782DC7E4-05E5-4517-802A-F73DFA3A51BE}.AppStore|x64.ActiveCfg = Release|Any CPU
		{782DC7E4-05E5-4517-802A-F73DFA3A51BE}.AppStore|x64.Build.0 = Release|Any CPU
		{782DC7E4-05E5-4517-802A-F73DFA3A51BE}.AppStore|x64.Deploy.0 = Release|Any CPU
		{782DC7E4-05E5-4517-802A-F73DFA3A51BE}.AppStore|x86.ActiveCfg = Release|Any CPU
		{782DC7E4-05E5-4517-802A-F73DFA3A51BE}.AppStore|x86.Build.0 = Release|Any CPU
		{782DC7E4-05E5-4517-802A-F73DFA3A51BE}.AppStore|x86.Deploy.0 = Release|Any CPU
		{782DC7E4-05E5-4517-802A-F73DFA3A51BE}.Debug|Any CPU.ActiveCfg = Debug|Any CPU
		{782DC7E4-05E5-4517-802A-F73DFA3A51BE}.Debug|Any CPU.Build.0 = Debug|Any CPU
		{782DC7E4-05E5-4517-802A-F73DFA3A51BE}.Debug|Any CPU.Deploy.0 = Debug|Any CPU
		{782DC7E4-05E5-4517-802A-F73DFA3A51BE}.Debug|ARM.ActiveCfg = Debug|Any CPU
		{782DC7E4-05E5-4517-802A-F73DFA3A51BE}.Debug|ARM.Build.0 = Debug|Any CPU
		{782DC7E4-05E5-4517-802A-F73DFA3A51BE}.Debug|ARM.Deploy.0 = Debug|Any CPU
		{782DC7E4-05E5-4517-802A-F73DFA3A51BE}.Debug|iPhone.ActiveCfg = Debug|Any CPU
		{782DC7E4-05E5-4517-802A-F73DFA3A51BE}.Debug|iPhone.Build.0 = Debug|Any CPU
		{782DC7E4-05E5-4517-802A-F73DFA3A51BE}.Debug|iPhone.Deploy.0 = Debug|Any CPU
		{782DC7E4-05E5-4517-802A-F73DFA3A51BE}.Debug|iPhoneSimulator.ActiveCfg = Debug|Any CPU
		{782DC7E4-05E5-4517-802A-F73DFA3A51BE}.Debug|iPhoneSimulator.Build.0 = Debug|Any CPU
		{782DC7E4-05E5-4517-802A-F73DFA3A51BE}.Debug|iPhoneSimulator.Deploy.0 = Debug|Any CPU
		{782DC7E4-05E5-4517-802A-F73DFA3A51BE}.Debug|x64.ActiveCfg = Debug|Any CPU
		{782DC7E4-05E5-4517-802A-F73DFA3A51BE}.Debug|x64.Build.0 = Debug|Any CPU
		{782DC7E4-05E5-4517-802A-F73DFA3A51BE}.Debug|x64.Deploy.0 = Debug|Any CPU
		{782DC7E4-05E5-4517-802A-F73DFA3A51BE}.Debug|x86.ActiveCfg = Debug|Any CPU
		{782DC7E4-05E5-4517-802A-F73DFA3A51BE}.Debug|x86.Build.0 = Debug|Any CPU
		{782DC7E4-05E5-4517-802A-F73DFA3A51BE}.Debug|x86.Deploy.0 = Debug|Any CPU
		{782DC7E4-05E5-4517-802A-F73DFA3A51BE}.Release|Any CPU.ActiveCfg = Release|Any CPU
		{782DC7E4-05E5-4517-802A-F73DFA3A51BE}.Release|Any CPU.Build.0 = Release|Any CPU
		{782DC7E4-05E5-4517-802A-F73DFA3A51BE}.Release|Any CPU.Deploy.0 = Release|Any CPU
		{782DC7E4-05E5-4517-802A-F73DFA3A51BE}.Release|ARM.ActiveCfg = Release|Any CPU
		{782DC7E4-05E5-4517-802A-F73DFA3A51BE}.Release|ARM.Build.0 = Release|Any CPU
		{782DC7E4-05E5-4517-802A-F73DFA3A51BE}.Release|ARM.Deploy.0 = Release|Any CPU
		{782DC7E4-05E5-4517-802A-F73DFA3A51BE}.Release|iPhone.ActiveCfg = Release|Any CPU
		{782DC7E4-05E5-4517-802A-F73DFA3A51BE}.Release|iPhone.Build.0 = Release|Any CPU
		{782DC7E4-05E5-4517-802A-F73DFA3A51BE}.Release|iPhone.Deploy.0 = Release|Any CPU
		{782DC7E4-05E5-4517-802A-F73DFA3A51BE}.Release|iPhoneSimulator.ActiveCfg = Release|Any CPU
		{782DC7E4-05E5-4517-802A-F73DFA3A51BE}.Release|iPhoneSimulator.Build.0 = Release|Any CPU
		{782DC7E4-05E5-4517-802A-F73DFA3A51BE}.Release|iPhoneSimulator.Deploy.0 = Release|Any CPU
		{782DC7E4-05E5-4517-802A-F73DFA3A51BE}.Release|x64.ActiveCfg = Release|Any CPU
		{782DC7E4-05E5-4517-802A-F73DFA3A51BE}.Release|x64.Build.0 = Release|Any CPU
		{782DC7E4-05E5-4517-802A-F73DFA3A51BE}.Release|x64.Deploy.0 = Release|Any CPU
		{782DC7E4-05E5-4517-802A-F73DFA3A51BE}.Release|x86.ActiveCfg = Release|Any CPU
		{782DC7E4-05E5-4517-802A-F73DFA3A51BE}.Release|x86.Build.0 = Release|Any CPU
		{782DC7E4-05E5-4517-802A-F73DFA3A51BE}.Release|x86.Deploy.0 = Release|Any CPU
		{CB81A414-1AAB-4669-A04E-8ECD2069CE67}.Ad-Hoc|Any CPU.ActiveCfg = Ad-Hoc|iPhone
		{CB81A414-1AAB-4669-A04E-8ECD2069CE67}.Ad-Hoc|ARM.ActiveCfg = Ad-Hoc|iPhone
		{CB81A414-1AAB-4669-A04E-8ECD2069CE67}.Ad-Hoc|iPhone.ActiveCfg = Ad-Hoc|iPhone
		{CB81A414-1AAB-4669-A04E-8ECD2069CE67}.Ad-Hoc|iPhone.Build.0 = Ad-Hoc|iPhone
		{CB81A414-1AAB-4669-A04E-8ECD2069CE67}.Ad-Hoc|iPhoneSimulator.ActiveCfg = Ad-Hoc|iPhoneSimulator
		{CB81A414-1AAB-4669-A04E-8ECD2069CE67}.Ad-Hoc|iPhoneSimulator.Build.0 = Ad-Hoc|iPhoneSimulator
		{CB81A414-1AAB-4669-A04E-8ECD2069CE67}.Ad-Hoc|x64.ActiveCfg = Ad-Hoc|iPhone
		{CB81A414-1AAB-4669-A04E-8ECD2069CE67}.Ad-Hoc|x86.ActiveCfg = Ad-Hoc|iPhone
		{CB81A414-1AAB-4669-A04E-8ECD2069CE67}.AppStore|Any CPU.ActiveCfg = AppStore|iPhone
		{CB81A414-1AAB-4669-A04E-8ECD2069CE67}.AppStore|ARM.ActiveCfg = AppStore|iPhone
		{CB81A414-1AAB-4669-A04E-8ECD2069CE67}.AppStore|iPhone.ActiveCfg = AppStore|iPhone
		{CB81A414-1AAB-4669-A04E-8ECD2069CE67}.AppStore|iPhone.Build.0 = AppStore|iPhone
		{CB81A414-1AAB-4669-A04E-8ECD2069CE67}.AppStore|iPhoneSimulator.ActiveCfg = AppStore|iPhoneSimulator
		{CB81A414-1AAB-4669-A04E-8ECD2069CE67}.AppStore|iPhoneSimulator.Build.0 = AppStore|iPhoneSimulator
		{CB81A414-1AAB-4669-A04E-8ECD2069CE67}.AppStore|x64.ActiveCfg = AppStore|iPhone
		{CB81A414-1AAB-4669-A04E-8ECD2069CE67}.AppStore|x86.ActiveCfg = AppStore|iPhone
		{CB81A414-1AAB-4669-A04E-8ECD2069CE67}.Debug|Any CPU.ActiveCfg = Debug|iPhone
		{CB81A414-1AAB-4669-A04E-8ECD2069CE67}.Debug|ARM.ActiveCfg = Debug|iPhone
		{CB81A414-1AAB-4669-A04E-8ECD2069CE67}.Debug|iPhone.ActiveCfg = Debug|iPhone
		{CB81A414-1AAB-4669-A04E-8ECD2069CE67}.Debug|iPhone.Build.0 = Debug|iPhone
		{CB81A414-1AAB-4669-A04E-8ECD2069CE67}.Debug|iPhoneSimulator.ActiveCfg = Debug|iPhoneSimulator
		{CB81A414-1AAB-4669-A04E-8ECD2069CE67}.Debug|iPhoneSimulator.Build.0 = Debug|iPhoneSimulator
		{CB81A414-1AAB-4669-A04E-8ECD2069CE67}.Debug|x64.ActiveCfg = Debug|iPhone
		{CB81A414-1AAB-4669-A04E-8ECD2069CE67}.Debug|x86.ActiveCfg = Debug|iPhone
		{CB81A414-1AAB-4669-A04E-8ECD2069CE67}.Release|Any CPU.ActiveCfg = Release|iPhone
		{CB81A414-1AAB-4669-A04E-8ECD2069CE67}.Release|ARM.ActiveCfg = Release|iPhone
		{CB81A414-1AAB-4669-A04E-8ECD2069CE67}.Release|iPhone.ActiveCfg = Release|iPhone
		{CB81A414-1AAB-4669-A04E-8ECD2069CE67}.Release|iPhone.Build.0 = Release|iPhone
		{CB81A414-1AAB-4669-A04E-8ECD2069CE67}.Release|iPhoneSimulator.ActiveCfg = Release|iPhoneSimulator
		{CB81A414-1AAB-4669-A04E-8ECD2069CE67}.Release|iPhoneSimulator.Build.0 = Release|iPhoneSimulator
		{CB81A414-1AAB-4669-A04E-8ECD2069CE67}.Release|x64.ActiveCfg = Release|iPhone
		{CB81A414-1AAB-4669-A04E-8ECD2069CE67}.Release|x86.ActiveCfg = Release|iPhone
		{9D71E87D-3299-44E2-9C79-F6B2E97092EF}.Ad-Hoc|Any CPU.ActiveCfg = Release|x86
		{9D71E87D-3299-44E2-9C79-F6B2E97092EF}.Ad-Hoc|Any CPU.Build.0 = Release|x86
		{9D71E87D-3299-44E2-9C79-F6B2E97092EF}.Ad-Hoc|Any CPU.Deploy.0 = Release|x86
		{9D71E87D-3299-44E2-9C79-F6B2E97092EF}.Ad-Hoc|ARM.ActiveCfg = Release|ARM
		{9D71E87D-3299-44E2-9C79-F6B2E97092EF}.Ad-Hoc|ARM.Build.0 = Release|ARM
		{9D71E87D-3299-44E2-9C79-F6B2E97092EF}.Ad-Hoc|ARM.Deploy.0 = Release|ARM
		{9D71E87D-3299-44E2-9C79-F6B2E97092EF}.Ad-Hoc|iPhone.ActiveCfg = Release|x86
		{9D71E87D-3299-44E2-9C79-F6B2E97092EF}.Ad-Hoc|iPhone.Build.0 = Release|x86
		{9D71E87D-3299-44E2-9C79-F6B2E97092EF}.Ad-Hoc|iPhone.Deploy.0 = Release|x86
		{9D71E87D-3299-44E2-9C79-F6B2E97092EF}.Ad-Hoc|iPhoneSimulator.ActiveCfg = Release|x86
		{9D71E87D-3299-44E2-9C79-F6B2E97092EF}.Ad-Hoc|iPhoneSimulator.Build.0 = Release|x86
		{9D71E87D-3299-44E2-9C79-F6B2E97092EF}.Ad-Hoc|iPhoneSimulator.Deploy.0 = Release|x86
		{9D71E87D-3299-44E2-9C79-F6B2E97092EF}.Ad-Hoc|x64.ActiveCfg = Release|x64
		{9D71E87D-3299-44E2-9C79-F6B2E97092EF}.Ad-Hoc|x64.Build.0 = Release|x64
		{9D71E87D-3299-44E2-9C79-F6B2E97092EF}.Ad-Hoc|x64.Deploy.0 = Release|x64
		{9D71E87D-3299-44E2-9C79-F6B2E97092EF}.Ad-Hoc|x86.ActiveCfg = Release|x86
		{9D71E87D-3299-44E2-9C79-F6B2E97092EF}.Ad-Hoc|x86.Build.0 = Release|x86
		{9D71E87D-3299-44E2-9C79-F6B2E97092EF}.Ad-Hoc|x86.Deploy.0 = Release|x86
		{9D71E87D-3299-44E2-9C79-F6B2E97092EF}.AppStore|Any CPU.ActiveCfg = Release|x86
		{9D71E87D-3299-44E2-9C79-F6B2E97092EF}.AppStore|Any CPU.Build.0 = Release|x86
		{9D71E87D-3299-44E2-9C79-F6B2E97092EF}.AppStore|Any CPU.Deploy.0 = Release|x86
		{9D71E87D-3299-44E2-9C79-F6B2E97092EF}.AppStore|ARM.ActiveCfg = Release|ARM
		{9D71E87D-3299-44E2-9C79-F6B2E97092EF}.AppStore|ARM.Build.0 = Release|ARM
		{9D71E87D-3299-44E2-9C79-F6B2E97092EF}.AppStore|ARM.Deploy.0 = Release|ARM
		{9D71E87D-3299-44E2-9C79-F6B2E97092EF}.AppStore|iPhone.ActiveCfg = Release|x86
		{9D71E87D-3299-44E2-9C79-F6B2E97092EF}.AppStore|iPhone.Build.0 = Release|x86
		{9D71E87D-3299-44E2-9C79-F6B2E97092EF}.AppStore|iPhone.Deploy.0 = Release|x86
		{9D71E87D-3299-44E2-9C79-F6B2E97092EF}.AppStore|iPhoneSimulator.ActiveCfg = Release|x86
		{9D71E87D-3299-44E2-9C79-F6B2E97092EF}.AppStore|iPhoneSimulator.Build.0 = Release|x86
		{9D71E87D-3299-44E2-9C79-F6B2E97092EF}.AppStore|iPhoneSimulator.Deploy.0 = Release|x86
		{9D71E87D-3299-44E2-9C79-F6B2E97092EF}.AppStore|x64.ActiveCfg = Release|x64
		{9D71E87D-3299-44E2-9C79-F6B2E97092EF}.AppStore|x64.Build.0 = Release|x64
		{9D71E87D-3299-44E2-9C79-F6B2E97092EF}.AppStore|x64.Deploy.0 = Release|x64
		{9D71E87D-3299-44E2-9C79-F6B2E97092EF}.AppStore|x86.ActiveCfg = Release|x86
		{9D71E87D-3299-44E2-9C79-F6B2E97092EF}.AppStore|x86.Build.0 = Release|x86
		{9D71E87D-3299-44E2-9C79-F6B2E97092EF}.AppStore|x86.Deploy.0 = Release|x86
		{9D71E87D-3299-44E2-9C79-F6B2E97092EF}.Debug|Any CPU.ActiveCfg = Debug|x86
		{9D71E87D-3299-44E2-9C79-F6B2E97092EF}.Debug|ARM.ActiveCfg = Debug|ARM
		{9D71E87D-3299-44E2-9C79-F6B2E97092EF}.Debug|ARM.Build.0 = Debug|ARM
		{9D71E87D-3299-44E2-9C79-F6B2E97092EF}.Debug|ARM.Deploy.0 = Debug|ARM
		{9D71E87D-3299-44E2-9C79-F6B2E97092EF}.Debug|iPhone.ActiveCfg = Debug|x86
		{9D71E87D-3299-44E2-9C79-F6B2E97092EF}.Debug|iPhoneSimulator.ActiveCfg = Debug|x86
		{9D71E87D-3299-44E2-9C79-F6B2E97092EF}.Debug|x64.ActiveCfg = Debug|x64
		{9D71E87D-3299-44E2-9C79-F6B2E97092EF}.Debug|x64.Build.0 = Debug|x64
		{9D71E87D-3299-44E2-9C79-F6B2E97092EF}.Debug|x64.Deploy.0 = Debug|x64
		{9D71E87D-3299-44E2-9C79-F6B2E97092EF}.Debug|x86.ActiveCfg = Debug|x86
		{9D71E87D-3299-44E2-9C79-F6B2E97092EF}.Debug|x86.Build.0 = Debug|x86
		{9D71E87D-3299-44E2-9C79-F6B2E97092EF}.Debug|x86.Deploy.0 = Debug|x86
		{9D71E87D-3299-44E2-9C79-F6B2E97092EF}.Release|Any CPU.ActiveCfg = Release|x86
		{9D71E87D-3299-44E2-9C79-F6B2E97092EF}.Release|ARM.ActiveCfg = Release|ARM
		{9D71E87D-3299-44E2-9C79-F6B2E97092EF}.Release|ARM.Build.0 = Release|ARM
		{9D71E87D-3299-44E2-9C79-F6B2E97092EF}.Release|ARM.Deploy.0 = Release|ARM
		{9D71E87D-3299-44E2-9C79-F6B2E97092EF}.Release|iPhone.ActiveCfg = Release|x86
		{9D71E87D-3299-44E2-9C79-F6B2E97092EF}.Release|iPhoneSimulator.ActiveCfg = Release|x86
		{9D71E87D-3299-44E2-9C79-F6B2E97092EF}.Release|x64.ActiveCfg = Release|x64
		{9D71E87D-3299-44E2-9C79-F6B2E97092EF}.Release|x64.Build.0 = Release|x64
		{9D71E87D-3299-44E2-9C79-F6B2E97092EF}.Release|x64.Deploy.0 = Release|x64
		{9D71E87D-3299-44E2-9C79-F6B2E97092EF}.Release|x86.ActiveCfg = Release|x86
		{9D71E87D-3299-44E2-9C79-F6B2E97092EF}.Release|x86.Build.0 = Release|x86
		{9D71E87D-3299-44E2-9C79-F6B2E97092EF}.Release|x86.Deploy.0 = Release|x86
	EndGlobalSection
	GlobalSection(SolutionProperties) = preSolution
		HideSolutionNode = FALSE
	EndGlobalSection
	GlobalSection(ExtensibilityGlobals) = postSolution
		SolutionGuid = {1E7165C0-89B2-41F5-947C-EE1B1067F3B0}
	EndGlobalSection
EndGlobal
